
Microsoft Visual Studio Solution File, Format Version 12.00
# Visual Studio 15
VisualStudioVersion = 15.0.27428.2043
MinimumVisualStudioVersion = 10.0.40219.1
Project("{FAE04EC0-301F-11D3-BF4B-00C04F79EFBC}") = "DongHoDienTu", "DongHoDienTu\DongHoDienTu.csproj", "{DECE7B85-E633-4C54-B595-A6FD6DDD8E55}"
EndProject
Global
	GlobalSection(SolutionConfigurationPlatforms) = preSolution
		Debug|Any CPU = Debug|Any CPU
		Release|Any CPU = Release|Any CPU
	EndGlobalSection
	GlobalSection(ProjectConfigurationPlatforms) = postSolution
		{DECE7B85-E633-4C54-B595-A6FD6DDD8E55}.Debug|Any CPU.ActiveCfg = Debug|Any CPU
		{DECE7B85-E633-4C54-B595-A6FD6DDD8E55}.Debug|Any CPU.Build.0 = Debug|Any CPU
		{DECE7B85-E633-4C54-B595-A6FD6DDD8E55}.Release|Any CPU.ActiveCfg = Release|Any CPU
		{DECE7B85-E633-4C54-B595-A6FD6DDD8E55}.Release|Any CPU.Build.0 = Release|Any CPU
	EndGlobalSection
	GlobalSection(SolutionProperties) = preSolution
		HideSolutionNode = FALSE
	EndGlobalSection
	GlobalSection(ExtensibilityGlobals) = postSolution
		SolutionGuid = {6B371026-0CB5-4AEE-8A94-2621889891C2}
	EndGlobalSection
EndGlobal
